
Microsoft Visual Studio Solution File, Format Version 12.00
# Visual Studio 2013
VisualStudioVersion = 12.0.31101.0
MinimumVisualStudioVersion = 10.0.40219.1
Project("{FAE04EC0-301F-11D3-BF4B-00C04F79EFBC}") = "DigitConsoleGame", "DigitConsoleGame\DigitConsoleGame.csproj", "{FE4A5F86-C53C-45CF-B11F-E1853C8FE247}"
EndProject
Global
	GlobalSection(SolutionConfigurationPlatforms) = preSolution
		Debug|Any CPU = Debug|Any CPU
		Release|Any CPU = Release|Any CPU
	EndGlobalSection
	GlobalSection(ProjectConfigurationPlatforms) = postSolution
		{FE4A5F86-C53C-45CF-B11F-E1853C8FE247}.Debug|Any CPU.ActiveCfg = Debug|Any CPU
		{FE4A5F86-C53C-45CF-B11F-E1853C8FE247}.Debug|Any CPU.Build.0 = Debug|Any CPU
		{FE4A5F86-C53C-45CF-B11F-E1853C8FE247}.Release|Any CPU.ActiveCfg = Release|Any CPU
		{FE4A5F86-C53C-45CF-B11F-E1853C8FE247}.Release|Any CPU.Build.0 = Release|Any CPU
	EndGlobalSection
	GlobalSection(SolutionProperties) = preSolution
		HideSolutionNode = FALSE
	EndGlobalSection
EndGlobal
